// !$*UTF8*$!
{
	archiveVersion = 1;
	classes = {
	};
	objectVersion = 55;
	objects = {

/* Begin PBXBuildFile section */
		3A1C2246283ABC29000427C7 /* Sequence.swift in Sources */ = {isa = PBXBuildFile; fileRef = 3A1C2245283ABC29000427C7 /* Sequence.swift */; };
		3A1C224A283AC2B7000427C7 /* SequenceStrategies.swift in Sources */ = {isa = PBXBuildFile; fileRef = 3A1C2249283AC2B7000427C7 /* SequenceStrategies.swift */; };
		3AB0C9F92833716500AECF9C /* AppDelegate.swift in Sources */ = {isa = PBXBuildFile; fileRef = 3AB0C9F82833716500AECF9C /* AppDelegate.swift */; };
		3AB0C9FB2833716500AECF9C /* SceneDelegate.swift in Sources */ = {isa = PBXBuildFile; fileRef = 3AB0C9FA2833716500AECF9C /* SceneDelegate.swift */; };
		3AB0C9FD2833716500AECF9C /* MainMenuViewController.swift in Sources */ = {isa = PBXBuildFile; fileRef = 3AB0C9FC2833716500AECF9C /* MainMenuViewController.swift */; };
		3AB0CA002833716500AECF9C /* Main.storyboard in Resources */ = {isa = PBXBuildFile; fileRef = 3AB0C9FE2833716500AECF9C /* Main.storyboard */; };
		3AB0CA022833716700AECF9C /* Assets.xcassets in Resources */ = {isa = PBXBuildFile; fileRef = 3AB0CA012833716700AECF9C /* Assets.xcassets */; };
		3AB0CA052833716700AECF9C /* LaunchScreen.storyboard in Resources */ = {isa = PBXBuildFile; fileRef = 3AB0CA032833716700AECF9C /* LaunchScreen.storyboard */; };
		3ACDE018283392C800A2543D /* Questions.swift in Sources */ = {isa = PBXBuildFile; fileRef = 3ACDE017283392C800A2543D /* Questions.swift */; };
		3ACDE01A2833AE6C00A2543D /* Game.swift in Sources */ = {isa = PBXBuildFile; fileRef = 3ACDE0192833AE6C00A2543D /* Game.swift */; };
		3ACDE01C2833B18F00A2543D /* GameSession.swift in Sources */ = {isa = PBXBuildFile; fileRef = 3ACDE01B2833B18F00A2543D /* GameSession.swift */; };
		3ACDE01E2833B1FF00A2543D /* RecordsCaretaker.swift in Sources */ = {isa = PBXBuildFile; fileRef = 3ACDE01D2833B1FF00A2543D /* RecordsCaretaker.swift */; };
		3ACDE0222833BA4400A2543D /* RecordsViewController.swift in Sources */ = {isa = PBXBuildFile; fileRef = 3ACDE0212833BA4400A2543D /* RecordsViewController.swift */; };
		3ACDE0242833BAF500A2543D /* GameViewController.swift in Sources */ = {isa = PBXBuildFile; fileRef = 3ACDE0232833BAF500A2543D /* GameViewController.swift */; };
		3ACDE0262833BB8500A2543D /* GameDelegate.swift in Sources */ = {isa = PBXBuildFile; fileRef = 3ACDE0252833BB8500A2543D /* GameDelegate.swift */; };
		3ACDE0282833BEC200A2543D /* Record.swift in Sources */ = {isa = PBXBuildFile; fileRef = 3ACDE0272833BEC200A2543D /* Record.swift */; };
		3AD661AB2837D9B70062973E /* AddQuestionCell.xib in Resources */ = {isa = PBXBuildFile; fileRef = 3AD661AA2837D9B70062973E /* AddQuestionCell.xib */; };
		3AD661AD283929110062973E /* AddQuestionCell.swift in Sources */ = {isa = PBXBuildFile; fileRef = 3AD661AC283929110062973E /* AddQuestionCell.swift */; };
		3AD661B128392B240062973E /* UITableView+CustomRegisterDequeueCells.swift in Sources */ = {isa = PBXBuildFile; fileRef = 3AD661B028392B240062973E /* UITableView+CustomRegisterDequeueCells.swift */; };
		3AD661B328392FAB0062973E /* Difficulty.swift in Sources */ = {isa = PBXBuildFile; fileRef = 3AD661B228392FAB0062973E /* Difficulty.swift */; };
		3AD661B5283940ED0062973E /* UserQuestionsCaretaker.swift in Sources */ = {isa = PBXBuildFile; fileRef = 3AD661B4283940ED0062973E /* UserQuestionsCaretaker.swift */; };
		3AD661B7283943930062973E /* AddQuestionDelegate.swift in Sources */ = {isa = PBXBuildFile; fileRef = 3AD661B6283943930062973E /* AddQuestionDelegate.swift */; };
		3AD661B9283945B80062973E /* AddQuestionViewController.swift in Sources */ = {isa = PBXBuildFile; fileRef = 3AD661B8283945B80062973E /* AddQuestionViewController.swift */; };
		3AD661BB2839481A0062973E /* QuestionBuilder.swift in Sources */ = {isa = PBXBuildFile; fileRef = 3AD661BA2839481A0062973E /* QuestionBuilder.swift */; };
		3AD661BD28394C520062973E /* UserQuestionsViewController.swift in Sources */ = {isa = PBXBuildFile; fileRef = 3AD661BC28394C520062973E /* UserQuestionsViewController.swift */; };
		3AD661BF2839500D0062973E /* Observer.swift in Sources */ = {isa = PBXBuildFile; fileRef = 3AD661BE2839500C0062973E /* Observer.swift */; };
		3AD661C2283952270062973E /* DifficulityStrategies.swift in Sources */ = {isa = PBXBuildFile; fileRef = 3AD661C1283952270062973E /* DifficulityStrategies.swift */; };
		3AD661C4283953250062973E /* SettingsViewController.swift in Sources */ = {isa = PBXBuildFile; fileRef = 3AD661C3283953250062973E /* SettingsViewController.swift */; };
/* End PBXBuildFile section */

/* Begin PBXFileReference section */
		3A1C2245283ABC29000427C7 /* Sequence.swift */ = {isa = PBXFileReference; lastKnownFileType = sourcecode.swift; path = Sequence.swift; sourceTree = "<group>"; };
		3A1C2249283AC2B7000427C7 /* SequenceStrategies.swift */ = {isa = PBXFileReference; lastKnownFileType = sourcecode.swift; path = SequenceStrategies.swift; sourceTree = "<group>"; };
		3AB0C9F52833716500AECF9C /* WhoWantsToBeAMillionaire.app */ = {isa = PBXFileReference; explicitFileType = wrapper.application; includeInIndex = 0; path = WhoWantsToBeAMillionaire.app; sourceTree = BUILT_PRODUCTS_DIR; };
		3AB0C9F82833716500AECF9C /* AppDelegate.swift */ = {isa = PBXFileReference; lastKnownFileType = sourcecode.swift; path = AppDelegate.swift; sourceTree = "<group>"; };
		3AB0C9FA2833716500AECF9C /* SceneDelegate.swift */ = {isa = PBXFileReference; lastKnownFileType = sourcecode.swift; path = SceneDelegate.swift; sourceTree = "<group>"; };
		3AB0C9FC2833716500AECF9C /* MainMenuViewController.swift */ = {isa = PBXFileReference; lastKnownFileType = sourcecode.swift; path = MainMenuViewController.swift; sourceTree = "<group>"; };
		3AB0C9FF2833716500AECF9C /* Base */ = {isa = PBXFileReference; lastKnownFileType = file.storyboard; name = Base; path = Base.lproj/Main.storyboard; sourceTree = "<group>"; };
		3AB0CA012833716700AECF9C /* Assets.xcassets */ = {isa = PBXFileReference; lastKnownFileType = folder.assetcatalog; path = Assets.xcassets; sourceTree = "<group>"; };
		3AB0CA042833716700AECF9C /* Base */ = {isa = PBXFileReference; lastKnownFileType = file.storyboard; name = Base; path = Base.lproj/LaunchScreen.storyboard; sourceTree = "<group>"; };
		3AB0CA062833716700AECF9C /* Info.plist */ = {isa = PBXFileReference; lastKnownFileType = text.plist.xml; path = Info.plist; sourceTree = "<group>"; };
		3ACDE017283392C800A2543D /* Questions.swift */ = {isa = PBXFileReference; lastKnownFileType = sourcecode.swift; path = Questions.swift; sourceTree = "<group>"; };
		3ACDE0192833AE6C00A2543D /* Game.swift */ = {isa = PBXFileReference; lastKnownFileType = sourcecode.swift; path = Game.swift; sourceTree = "<group>"; };
		3ACDE01B2833B18F00A2543D /* GameSession.swift */ = {isa = PBXFileReference; lastKnownFileType = sourcecode.swift; path = GameSession.swift; sourceTree = "<group>"; };
		3ACDE01D2833B1FF00A2543D /* RecordsCaretaker.swift */ = {isa = PBXFileReference; lastKnownFileType = sourcecode.swift; path = RecordsCaretaker.swift; sourceTree = "<group>"; };
		3ACDE0212833BA4400A2543D /* RecordsViewController.swift */ = {isa = PBXFileReference; lastKnownFileType = sourcecode.swift; path = RecordsViewController.swift; sourceTree = "<group>"; };
		3ACDE0232833BAF500A2543D /* GameViewController.swift */ = {isa = PBXFileReference; lastKnownFileType = sourcecode.swift; path = GameViewController.swift; sourceTree = "<group>"; };
		3ACDE0252833BB8500A2543D /* GameDelegate.swift */ = {isa = PBXFileReference; lastKnownFileType = sourcecode.swift; path = GameDelegate.swift; sourceTree = "<group>"; };
		3ACDE0272833BEC200A2543D /* Record.swift */ = {isa = PBXFileReference; lastKnownFileType = sourcecode.swift; path = Record.swift; sourceTree = "<group>"; };
		3AD661AA2837D9B70062973E /* AddQuestionCell.xib */ = {isa = PBXFileReference; lastKnownFileType = file.xib; path = AddQuestionCell.xib; sourceTree = "<group>"; };
		3AD661AC283929110062973E /* AddQuestionCell.swift */ = {isa = PBXFileReference; lastKnownFileType = sourcecode.swift; path = AddQuestionCell.swift; sourceTree = "<group>"; };
		3AD661B028392B240062973E /* UITableView+CustomRegisterDequeueCells.swift */ = {isa = PBXFileReference; lastKnownFileType = sourcecode.swift; path = "UITableView+CustomRegisterDequeueCells.swift"; sourceTree = "<group>"; };
		3AD661B228392FAB0062973E /* Difficulty.swift */ = {isa = PBXFileReference; lastKnownFileType = sourcecode.swift; path = Difficulty.swift; sourceTree = "<group>"; };
		3AD661B4283940ED0062973E /* UserQuestionsCaretaker.swift */ = {isa = PBXFileReference; lastKnownFileType = sourcecode.swift; path = UserQuestionsCaretaker.swift; sourceTree = "<group>"; };
		3AD661B6283943930062973E /* AddQuestionDelegate.swift */ = {isa = PBXFileReference; lastKnownFileType = sourcecode.swift; path = AddQuestionDelegate.swift; sourceTree = "<group>"; };
		3AD661B8283945B80062973E /* AddQuestionViewController.swift */ = {isa = PBXFileReference; lastKnownFileType = sourcecode.swift; path = AddQuestionViewController.swift; sourceTree = "<group>"; };
		3AD661BA2839481A0062973E /* QuestionBuilder.swift */ = {isa = PBXFileReference; lastKnownFileType = sourcecode.swift; path = QuestionBuilder.swift; sourceTree = "<group>"; };
		3AD661BC28394C520062973E /* UserQuestionsViewController.swift */ = {isa = PBXFileReference; lastKnownFileType = sourcecode.swift; path = UserQuestionsViewController.swift; sourceTree = "<group>"; };
		3AD661BE2839500C0062973E /* Observer.swift */ = {isa = PBXFileReference; lastKnownFileType = sourcecode.swift; path = Observer.swift; sourceTree = "<group>"; };
		3AD661C1283952270062973E /* DifficulityStrategies.swift */ = {isa = PBXFileReference; lastKnownFileType = sourcecode.swift; path = DifficulityStrategies.swift; sourceTree = "<group>"; };
		3AD661C3283953250062973E /* SettingsViewController.swift */ = {isa = PBXFileReference; lastKnownFileType = sourcecode.swift; name = SettingsViewController.swift; path = WhoWantsToBeAMillionaire/Views/SettingsViewController.swift; sourceTree = SOURCE_ROOT; };
/* End PBXFileReference section */

/* Begin PBXFrameworksBuildPhase section */
		3AB0C9F22833716500AECF9C /* Frameworks */ = {
			isa = PBXFrameworksBuildPhase;
			buildActionMask = 2147483647;
			files = (
			);
			runOnlyForDeploymentPostprocessing = 0;
		};
/* End PBXFrameworksBuildPhase section */

/* Begin PBXGroup section */
		3AB0C9EC2833716500AECF9C = {
			isa = PBXGroup;
			children = (
				3AB0C9F72833716500AECF9C /* WhoWantsToBeAMillionaire */,
				3AB0C9F62833716500AECF9C /* Products */,
			);
			sourceTree = "<group>";
		};
		3AB0C9F62833716500AECF9C /* Products */ = {
			isa = PBXGroup;
			children = (
				3AB0C9F52833716500AECF9C /* WhoWantsToBeAMillionaire.app */,
			);
			name = Products;
			sourceTree = "<group>";
		};
		3AB0C9F72833716500AECF9C /* WhoWantsToBeAMillionaire */ = {
			isa = PBXGroup;
			children = (
				3ACDE02B2833FCB600A2543D /* Models */,
				3ACDE02C2833FCD800A2543D /* ViewControllers */,
				3ACDE02A2833FCA100A2543D /* Views */,
				3AD661AF28392AE80062973E /* Extensions */,
				3AD661C0283951DD0062973E /* Strategies */,
				3ACDE0292833FC8800A2543D /* Source */,
				3AB0CA012833716700AECF9C /* Assets.xcassets */,
				3AB0CA062833716700AECF9C /* Info.plist */,
			);
			path = WhoWantsToBeAMillionaire;
			sourceTree = "<group>";
		};
		3ACDE0292833FC8800A2543D /* Source */ = {
			isa = PBXGroup;
			children = (
				3AB0C9F82833716500AECF9C /* AppDelegate.swift */,
				3AB0C9FA2833716500AECF9C /* SceneDelegate.swift */,
			);
			path = Source;
			sourceTree = "<group>";
		};
		3ACDE02A2833FCA100A2543D /* Views */ = {
			isa = PBXGroup;
			children = (
				3AB0C9FE2833716500AECF9C /* Main.storyboard */,
				3AB0CA032833716700AECF9C /* LaunchScreen.storyboard */,
				3AD661AE28392AAE0062973E /* ReusableCells */,
			);
			path = Views;
			sourceTree = "<group>";
		};
		3ACDE02B2833FCB600A2543D /* Models */ = {
			isa = PBXGroup;
			children = (
				3ACDE0192833AE6C00A2543D /* Game.swift */,
				3ACDE01B2833B18F00A2543D /* GameSession.swift */,
				3ACDE017283392C800A2543D /* Questions.swift */,
				3ACDE0252833BB8500A2543D /* GameDelegate.swift */,
				3ACDE0272833BEC200A2543D /* Record.swift */,
				3AD661B228392FAB0062973E /* Difficulty.swift */,
				3AD661B6283943930062973E /* AddQuestionDelegate.swift */,
				3AD661BA2839481A0062973E /* QuestionBuilder.swift */,
				3AD661BE2839500C0062973E /* Observer.swift */,
				3A1C2245283ABC29000427C7 /* Sequence.swift */,
			);
			path = Models;
			sourceTree = "<group>";
		};
		3ACDE02C2833FCD800A2543D /* ViewControllers */ = {
			isa = PBXGroup;
			children = (
				3AD661C3283953250062973E /* SettingsViewController.swift */,
				3AB0C9FC2833716500AECF9C /* MainMenuViewController.swift */,
				3ACDE0232833BAF500A2543D /* GameViewController.swift */,
				3ACDE0212833BA4400A2543D /* RecordsViewController.swift */,
				3ACDE01D2833B1FF00A2543D /* RecordsCaretaker.swift */,
				3AD661B4283940ED0062973E /* UserQuestionsCaretaker.swift */,
				3AD661B8283945B80062973E /* AddQuestionViewController.swift */,
				3AD661BC28394C520062973E /* UserQuestionsViewController.swift */,
			);
			path = ViewControllers;
			sourceTree = "<group>";
		};
		3AD661AE28392AAE0062973E /* ReusableCells */ = {
			isa = PBXGroup;
			children = (
				3AD661AA2837D9B70062973E /* AddQuestionCell.xib */,
				3AD661AC283929110062973E /* AddQuestionCell.swift */,
			);
			path = ReusableCells;
			sourceTree = "<group>";
		};
		3AD661AF28392AE80062973E /* Extensions */ = {
			isa = PBXGroup;
			children = (
				3AD661B028392B240062973E /* UITableView+CustomRegisterDequeueCells.swift */,
			);
			path = Extensions;
			sourceTree = "<group>";
		};
		3AD661C0283951DD0062973E /* Strategies */ = {
			isa = PBXGroup;
			children = (
				3AD661C1283952270062973E /* DifficulityStrategies.swift */,
				3A1C2249283AC2B7000427C7 /* SequenceStrategies.swift */,
			);
			path = Strategies;
			sourceTree = "<group>";
		};
/* End PBXGroup section */

/* Begin PBXNativeTarget section */
		3AB0C9F42833716500AECF9C /* WhoWantsToBeAMillionaire */ = {
			isa = PBXNativeTarget;
			buildConfigurationList = 3AB0CA092833716700AECF9C /* Build configuration list for PBXNativeTarget "WhoWantsToBeAMillionaire" */;
			buildPhases = (
				3AB0C9F12833716500AECF9C /* Sources */,
				3AB0C9F22833716500AECF9C /* Frameworks */,
				3AB0C9F32833716500AECF9C /* Resources */,
			);
			buildRules = (
			);
			dependencies = (
			);
			name = WhoWantsToBeAMillionaire;
			productName = WhoWantsToBeAMillionaire;
			productReference = 3AB0C9F52833716500AECF9C /* WhoWantsToBeAMillionaire.app */;
			productType = "com.apple.product-type.application";
		};
/* End PBXNativeTarget section */

/* Begin PBXProject section */
		3AB0C9ED2833716500AECF9C /* Project object */ = {
			isa = PBXProject;
			attributes = {
				BuildIndependentTargetsInParallel = 1;
				LastSwiftUpdateCheck = 1300;
				LastUpgradeCheck = 1300;
				TargetAttributes = {
					3AB0C9F42833716500AECF9C = {
						CreatedOnToolsVersion = 13.0;
					};
				};
			};
			buildConfigurationList = 3AB0C9F02833716500AECF9C /* Build configuration list for PBXProject "WhoWantsToBeAMillionaire" */;
			compatibilityVersion = "Xcode 13.0";
			developmentRegion = en;
			hasScannedForEncodings = 0;
			knownRegions = (
				en,
				Base,
			);
			mainGroup = 3AB0C9EC2833716500AECF9C;
			productRefGroup = 3AB0C9F62833716500AECF9C /* Products */;
			projectDirPath = "";
			projectRoot = "";
			targets = (
				3AB0C9F42833716500AECF9C /* WhoWantsToBeAMillionaire */,
			);
		};
/* End PBXProject section */

/* Begin PBXResourcesBuildPhase section */
		3AB0C9F32833716500AECF9C /* Resources */ = {
			isa = PBXResourcesBuildPhase;
			buildActionMask = 2147483647;
			files = (
				3AB0CA052833716700AECF9C /* LaunchScreen.storyboard in Resources */,
				3AD661AB2837D9B70062973E /* AddQuestionCell.xib in Resources */,
				3AB0CA022833716700AECF9C /* Assets.xcassets in Resources */,
				3AB0CA002833716500AECF9C /* Main.storyboard in Resources */,
			);
			runOnlyForDeploymentPostprocessing = 0;
		};
/* End PBXResourcesBuildPhase section */

/* Begin PBXSourcesBuildPhase section */
		3AB0C9F12833716500AECF9C /* Sources */ = {
			isa = PBXSourcesBuildPhase;
			buildActionMask = 2147483647;
			files = (
				3AD661B7283943930062973E /* AddQuestionDelegate.swift in Sources */,
				3A1C2246283ABC29000427C7 /* Sequence.swift in Sources */,
				3AD661BF2839500D0062973E /* Observer.swift in Sources */,
				3ACDE0242833BAF500A2543D /* GameViewController.swift in Sources */,
				3AD661AD283929110062973E /* AddQuestionCell.swift in Sources */,
				3AD661B328392FAB0062973E /* Difficulty.swift in Sources */,
				3AB0C9FD2833716500AECF9C /* MainMenuViewController.swift in Sources */,
				3ACDE01E2833B1FF00A2543D /* RecordsCaretaker.swift in Sources */,
				3ACDE0222833BA4400A2543D /* RecordsViewController.swift in Sources */,
				3AD661B5283940ED0062973E /* UserQuestionsCaretaker.swift in Sources */,
				3ACDE01A2833AE6C00A2543D /* Game.swift in Sources */,
				3AD661BB2839481A0062973E /* QuestionBuilder.swift in Sources */,
				3ACDE018283392C800A2543D /* Questions.swift in Sources */,
				3A1C224A283AC2B7000427C7 /* SequenceStrategies.swift in Sources */,
				3ACDE0282833BEC200A2543D /* Record.swift in Sources */,
				3AD661C4283953250062973E /* SettingsViewController.swift in Sources */,
				3AB0C9F92833716500AECF9C /* AppDelegate.swift in Sources */,
				3AD661BD28394C520062973E /* UserQuestionsViewController.swift in Sources */,
				3ACDE01C2833B18F00A2543D /* GameSession.swift in Sources */,
				3AB0C9FB2833716500AECF9C /* SceneDelegate.swift in Sources */,
				3AD661C2283952270062973E /* DifficulityStrategies.swift in Sources */,
				3AD661B128392B240062973E /* UITableView+CustomRegisterDequeueCells.swift in Sources */,
				3ACDE0262833BB8500A2543D /* GameDelegate.swift in Sources */,
				3AD661B9283945B80062973E /* AddQuestionViewController.swift in Sources */,
			);
			runOnlyForDeploymentPostprocessing = 0;
		};
/* End PBXSourcesBuildPhase section */

/* Begin PBXVariantGroup section */
		3AB0C9FE2833716500AECF9C /* Main.storyboard */ = {
			isa = PBXVariantGroup;
			children = (
				3AB0C9FF2833716500AECF9C /* Base */,
			);
			name = Main.storyboard;
			sourceTree = "<group>";
		};
		3AB0CA032833716700AECF9C /* LaunchScreen.storyboard */ = {
			isa = PBXVariantGroup;
			children = (
				3AB0CA042833716700AECF9C /* Base */,
			);
			name = LaunchScreen.storyboard;
			sourceTree = "<group>";
		};
/* End PBXVariantGroup section */

/* Begin XCBuildConfiguration section */
		3AB0CA072833716700AECF9C /* Debug */ = {
			isa = XCBuildConfiguration;
			buildSettings = {
				ALWAYS_SEARCH_USER_PATHS = NO;
				CLANG_ANALYZER_NONNULL = YES;
				CLANG_ANALYZER_NUMBER_OBJECT_CONVERSION = YES_AGGRESSIVE;
				CLANG_CXX_LANGUAGE_STANDARD = "gnu++17";
				CLANG_CXX_LIBRARY = "libc++";
				CLANG_ENABLE_MODULES = YES;
				CLANG_ENABLE_OBJC_ARC = YES;
				CLANG_ENABLE_OBJC_WEAK = YES;
				CLANG_WARN_BLOCK_CAPTURE_AUTORELEASING = YES;
				CLANG_WARN_BOOL_CONVERSION = YES;
				CLANG_WARN_COMMA = YES;
				CLANG_WARN_CONSTANT_CONVERSION = YES;
				CLANG_WARN_DEPRECATED_OBJC_IMPLEMENTATIONS = YES;
				CLANG_WARN_DIRECT_OBJC_ISA_USAGE = YES_ERROR;
				CLANG_WARN_DOCUMENTATION_COMMENTS = YES;
				CLANG_WARN_EMPTY_BODY = YES;
				CLANG_WARN_ENUM_CONVERSION = YES;
				CLANG_WARN_INFINITE_RECURSION = YES;
				CLANG_WARN_INT_CONVERSION = YES;
				CLANG_WARN_NON_LITERAL_NULL_CONVERSION = YES;
				CLANG_WARN_OBJC_IMPLICIT_RETAIN_SELF = YES;
				CLANG_WARN_OBJC_LITERAL_CONVERSION = YES;
				CLANG_WARN_OBJC_ROOT_CLASS = YES_ERROR;
				CLANG_WARN_QUOTED_INCLUDE_IN_FRAMEWORK_HEADER = YES;
				CLANG_WARN_RANGE_LOOP_ANALYSIS = YES;
				CLANG_WARN_STRICT_PROTOTYPES = YES;
				CLANG_WARN_SUSPICIOUS_MOVE = YES;
				CLANG_WARN_UNGUARDED_AVAILABILITY = YES_AGGRESSIVE;
				CLANG_WARN_UNREACHABLE_CODE = YES;
				CLANG_WARN__DUPLICATE_METHOD_MATCH = YES;
				COPY_PHASE_STRIP = NO;
				DEBUG_INFORMATION_FORMAT = dwarf;
				ENABLE_STRICT_OBJC_MSGSEND = YES;
				ENABLE_TESTABILITY = YES;
				GCC_C_LANGUAGE_STANDARD = gnu11;
				GCC_DYNAMIC_NO_PIC = NO;
				GCC_NO_COMMON_BLOCKS = YES;
				GCC_OPTIMIZATION_LEVEL = 0;
				GCC_PREPROCESSOR_DEFINITIONS = (
					"DEBUG=1",
					"$(inherited)",
				);
				GCC_WARN_64_TO_32_BIT_CONVERSION = YES;
				GCC_WARN_ABOUT_RETURN_TYPE = YES_ERROR;
				GCC_WARN_UNDECLARED_SELECTOR = YES;
				GCC_WARN_UNINITIALIZED_AUTOS = YES_AGGRESSIVE;
				GCC_WARN_UNUSED_FUNCTION = YES;
				GCC_WARN_UNUSED_VARIABLE = YES;
				IPHONEOS_DEPLOYMENT_TARGET = 15.0;
				MTL_ENABLE_DEBUG_INFO = INCLUDE_SOURCE;
				MTL_FAST_MATH = YES;
				ONLY_ACTIVE_ARCH = YES;
				SDKROOT = iphoneos;
				SWIFT_ACTIVE_COMPILATION_CONDITIONS = DEBUG;
				SWIFT_OPTIMIZATION_LEVEL = "-Onone";
			};
			name = Debug;
		};
		3AB0CA082833716700AECF9C /* Release */ = {
			isa = XCBuildConfiguration;
			buildSettings = {
				ALWAYS_SEARCH_USER_PATHS = NO;
				CLANG_ANALYZER_NONNULL = YES;
				CLANG_ANALYZER_NUMBER_OBJECT_CONVERSION = YES_AGGRESSIVE;
				CLANG_CXX_LANGUAGE_STANDARD = "gnu++17";
				CLANG_CXX_LIBRARY = "libc++";
				CLANG_ENABLE_MODULES = YES;
				CLANG_ENABLE_OBJC_ARC = YES;
				CLANG_ENABLE_OBJC_WEAK = YES;
				CLANG_WARN_BLOCK_CAPTURE_AUTORELEASING = YES;
				CLANG_WARN_BOOL_CONVERSION = YES;
				CLANG_WARN_COMMA = YES;
				CLANG_WARN_CONSTANT_CONVERSION = YES;
				CLANG_WARN_DEPRECATED_OBJC_IMPLEMENTATIONS = YES;
				CLANG_WARN_DIRECT_OBJC_ISA_USAGE = YES_ERROR;
				CLANG_WARN_DOCUMENTATION_COMMENTS = YES;
				CLANG_WARN_EMPTY_BODY = YES;
				CLANG_WARN_ENUM_CONVERSION = YES;
				CLANG_WARN_INFINITE_RECURSION = YES;
				CLANG_WARN_INT_CONVERSION = YES;
				CLANG_WARN_NON_LITERAL_NULL_CONVERSION = YES;
				CLANG_WARN_OBJC_IMPLICIT_RETAIN_SELF = YES;
				CLANG_WARN_OBJC_LITERAL_CONVERSION = YES;
				CLANG_WARN_OBJC_ROOT_CLASS = YES_ERROR;
				CLANG_WARN_QUOTED_INCLUDE_IN_FRAMEWORK_HEADER = YES;
				CLANG_WARN_RANGE_LOOP_ANALYSIS = YES;
				CLANG_WARN_STRICT_PROTOTYPES = YES;
				CLANG_WARN_SUSPICIOUS_MOVE = YES;
				CLANG_WARN_UNGUARDED_AVAILABILITY = YES_AGGRESSIVE;
				CLANG_WARN_UNREACHABLE_CODE = YES;
				CLANG_WARN__DUPLICATE_METHOD_MATCH = YES;
				COPY_PHASE_STRIP = NO;
				DEBUG_INFORMATION_FORMAT = "dwarf-with-dsym";
				ENABLE_NS_ASSERTIONS = NO;
				ENABLE_STRICT_OBJC_MSGSEND = YES;
				GCC_C_LANGUAGE_STANDARD = gnu11;
				GCC_NO_COMMON_BLOCKS = YES;
				GCC_WARN_64_TO_32_BIT_CONVERSION = YES;
				GCC_WARN_ABOUT_RETURN_TYPE = YES_ERROR;
				GCC_WARN_UNDECLARED_SELECTOR = YES;
				GCC_WARN_UNINITIALIZED_AUTOS = YES_AGGRESSIVE;
				GCC_WARN_UNUSED_FUNCTION = YES;
				GCC_WARN_UNUSED_VARIABLE = YES;
				IPHONEOS_DEPLOYMENT_TARGET = 15.0;
				MTL_ENABLE_DEBUG_INFO = NO;
				MTL_FAST_MATH = YES;
				SDKROOT = iphoneos;
				SWIFT_COMPILATION_MODE = wholemodule;
				SWIFT_OPTIMIZATION_LEVEL = "-O";
				VALIDATE_PRODUCT = YES;
			};
			name = Release;
		};
		3AB0CA0A2833716700AECF9C /* Debug */ = {
			isa = XCBuildConfiguration;
			buildSettings = {
				ASSETCATALOG_COMPILER_APPICON_NAME = AppIcon;
				ASSETCATALOG_COMPILER_GLOBAL_ACCENT_COLOR_NAME = AccentColor;
				CODE_SIGN_STYLE = Automatic;
				CURRENT_PROJECT_VERSION = 1;
				DEVELOPMENT_TEAM = 278UYG3PHP;
				GENERATE_INFOPLIST_FILE = YES;
				INFOPLIST_FILE = WhoWantsToBeAMillionaire/Info.plist;
				INFOPLIST_KEY_UIApplicationSupportsIndirectInputEvents = YES;
				INFOPLIST_KEY_UILaunchStoryboardName = LaunchScreen;
				INFOPLIST_KEY_UIMainStoryboardFile = Main;
				INFOPLIST_KEY_UISupportedInterfaceOrientations_iPad = "UIInterfaceOrientationPortrait UIInterfaceOrientationPortraitUpsideDown UIInterfaceOrientationLandscapeLeft UIInterfaceOrientationLandscapeRight";
				INFOPLIST_KEY_UISupportedInterfaceOrientations_iPhone = "UIInterfaceOrientationPortrait UIInterfaceOrientationLandscapeLeft UIInterfaceOrientationLandscapeRight";
				LD_RUNPATH_SEARCH_PATHS = (
					"$(inherited)",
					"@executable_path/Frameworks",
				);
				MARKETING_VERSION = 1.0;
				PRODUCT_BUNDLE_IDENTIFIER = "t-polinas.WhoWantsToBeAMillionaire";
				PRODUCT_NAME = "$(TARGET_NAME)";
				SWIFT_EMIT_LOC_STRINGS = YES;
				SWIFT_VERSION = 5.0;
				TARGETED_DEVICE_FAMILY = "1,2";
			};
			name = Debug;
		};
		3AB0CA0B2833716700AECF9C /* Release */ = {
			isa = XCBuildConfiguration;
			buildSettings = {
				ASSETCATALOG_COMPILER_APPICON_NAME = AppIcon;
				ASSETCATALOG_COMPILER_GLOBAL_ACCENT_COLOR_NAME = AccentColor;
				CODE_SIGN_STYLE = Automatic;
				CURRENT_PROJECT_VERSION = 1;
				DEVELOPMENT_TEAM = 278UYG3PHP;
				GENERATE_INFOPLIST_FILE = YES;
				INFOPLIST_FILE = WhoWantsToBeAMillionaire/Info.plist;
				INFOPLIST_KEY_UIApplicationSupportsIndirectInputEvents = YES;
				INFOPLIST_KEY_UILaunchStoryboardName = LaunchScreen;
				INFOPLIST_KEY_UIMainStoryboardFile = Main;
				INFOPLIST_KEY_UISupportedInterfaceOrientations_iPad = "UIInterfaceOrientationPortrait UIInterfaceOrientationPortraitUpsideDown UIInterfaceOrientationLandscapeLeft UIInterfaceOrientationLandscapeRight";
				INFOPLIST_KEY_UISupportedInterfaceOrientations_iPhone = "UIInterfaceOrientationPortrait UIInterfaceOrientationLandscapeLeft UIInterfaceOrientationLandscapeRight";
				LD_RUNPATH_SEARCH_PATHS = (
					"$(inherited)",
					"@executable_path/Frameworks",
				);
				MARKETING_VERSION = 1.0;
				PRODUCT_BUNDLE_IDENTIFIER = "t-polinas.WhoWantsToBeAMillionaire";
				PRODUCT_NAME = "$(TARGET_NAME)";
				SWIFT_EMIT_LOC_STRINGS = YES;
				SWIFT_VERSION = 5.0;
				TARGETED_DEVICE_FAMILY = "1,2";
			};
			name = Release;
		};
/* End XCBuildConfiguration section */

/* Begin XCConfigurationList section */
		3AB0C9F02833716500AECF9C /* Build configuration list for PBXProject "WhoWantsToBeAMillionaire" */ = {
			isa = XCConfigurationList;
			buildConfigurations = (
				3AB0CA072833716700AECF9C /* Debug */,
				3AB0CA082833716700AECF9C /* Release */,
			);
			defaultConfigurationIsVisible = 0;
			defaultConfigurationName = Release;
		};
		3AB0CA092833716700AECF9C /* Build configuration list for PBXNativeTarget "WhoWantsToBeAMillionaire" */ = {
			isa = XCConfigurationList;
			buildConfigurations = (
				3AB0CA0A2833716700AECF9C /* Debug */,
				3AB0CA0B2833716700AECF9C /* Release */,
			);
			defaultConfigurationIsVisible = 0;
			defaultConfigurationName = Release;
		};
/* End XCConfigurationList section */
	};
	rootObject = 3AB0C9ED2833716500AECF9C /* Project object */;
}
